
Microsoft Visual Studio Solution File, Format Version 12.00
# Visual Studio Version 17
VisualStudioVersion = 17.12.35506.116
MinimumVisualStudioVersion = 10.0.40219.1
Project("{2150E333-8FDC-42A3-9474-1A3956D46DE8}") = "src", "src", "{D6605B6F-74FC-44CA-AE51-E1FE0F11A729}"
EndProject
Project("{FAE04EC0-301F-11D3-BF4B-00C04F79EFBC}") = "Application", "src\Application\Application.csproj", "{98188AB0-2145-4A74-A599-3D3B7594252E}"
EndProject
Project("{FAE04EC0-301F-11D3-BF4B-00C04F79EFBC}") = "Domain", "src\Domain\Domain.csproj", "{1629F240-B14D-4BAB-8EA6-F6771C096817}"
EndProject
Project("{FAE04EC0-301F-11D3-BF4B-00C04F79EFBC}") = "Infrastructure", "src\Infrastructure\Infrastructure.csproj", "{F500989B-0923-4B42-B726-BC3F81B8B41F}"
EndProject
Project("{FAE04EC0-301F-11D3-BF4B-00C04F79EFBC}") = "WebApi", "src\WebApi\WebApi.csproj", "{9C2EFE84-8E39-4A20-ADC2-3064BCC81497}"
EndProject
Project("{FAE04EC0-301F-11D3-BF4B-00C04F79EFBC}") = "Common", "src\Common\Common.csproj", "{9DC44BB8-C43E-4219-A8D3-9509127AD4FE}"
EndProject
Project("{2150E333-8FDC-42A3-9474-1A3956D46DE8}") = "Solution Items", "Solution Items", "{83FF95A3-BCA1-4D94-9C5B-80A497AFC0AA}"
	ProjectSection(SolutionItems) = preProject
		Privacy-Policy.txt = Privacy-Policy.txt
		ReportTypeList.txt = ReportTypeList.txt
		StringList.txt = StringList.txt
		TermsOfUse.txt = TermsOfUse.txt
	EndProjectSection
EndProject
Global
	GlobalSection(SolutionConfigurationPlatforms) = preSolution
		Debug|Any CPU = Debug|Any CPU
		Release|Any CPU = Release|Any CPU
	EndGlobalSection
	GlobalSection(ProjectConfigurationPlatforms) = postSolution
		{98188AB0-2145-4A74-A599-3D3B7594252E}.Debug|Any CPU.ActiveCfg = Debug|Any CPU
		{98188AB0-2145-4A74-A599-3D3B7594252E}.Debug|Any CPU.Build.0 = Debug|Any CPU
		{98188AB0-2145-4A74-A599-3D3B7594252E}.Release|Any CPU.ActiveCfg = Release|Any CPU
		{98188AB0-2145-4A74-A599-3D3B7594252E}.Release|Any CPU.Build.0 = Release|Any CPU
		{1629F240-B14D-4BAB-8EA6-F6771C096817}.Debug|Any CPU.ActiveCfg = Debug|Any CPU
		{1629F240-B14D-4BAB-8EA6-F6771C096817}.Debug|Any CPU.Build.0 = Debug|Any CPU
		{1629F240-B14D-4BAB-8EA6-F6771C096817}.Release|Any CPU.ActiveCfg = Release|Any CPU
		{1629F240-B14D-4BAB-8EA6-F6771C096817}.Release|Any CPU.Build.0 = Release|Any CPU
		{F500989B-0923-4B42-B726-BC3F81B8B41F}.Debug|Any CPU.ActiveCfg = Debug|Any CPU
		{F500989B-0923-4B42-B726-BC3F81B8B41F}.Debug|Any CPU.Build.0 = Debug|Any CPU
		{F500989B-0923-4B42-B726-BC3F81B8B41F}.Release|Any CPU.ActiveCfg = Release|Any CPU
		{F500989B-0923-4B42-B726-BC3F81B8B41F}.Release|Any CPU.Build.0 = Release|Any CPU
		{9C2EFE84-8E39-4A20-ADC2-3064BCC81497}.Debug|Any CPU.ActiveCfg = Debug|Any CPU
		{9C2EFE84-8E39-4A20-ADC2-3064BCC81497}.Debug|Any CPU.Build.0 = Debug|Any CPU
		{9C2EFE84-8E39-4A20-ADC2-3064BCC81497}.Release|Any CPU.ActiveCfg = Release|Any CPU
		{9C2EFE84-8E39-4A20-ADC2-3064BCC81497}.Release|Any CPU.Build.0 = Release|Any CPU
		{9DC44BB8-C43E-4219-A8D3-9509127AD4FE}.Debug|Any CPU.ActiveCfg = Debug|Any CPU
		{9DC44BB8-C43E-4219-A8D3-9509127AD4FE}.Debug|Any CPU.Build.0 = Debug|Any CPU
		{9DC44BB8-C43E-4219-A8D3-9509127AD4FE}.Release|Any CPU.ActiveCfg = Release|Any CPU
		{9DC44BB8-C43E-4219-A8D3-9509127AD4FE}.Release|Any CPU.Build.0 = Release|Any CPU
	EndGlobalSection
	GlobalSection(SolutionProperties) = preSolution
		HideSolutionNode = FALSE
	EndGlobalSection
	GlobalSection(NestedProjects) = preSolution
		{98188AB0-2145-4A74-A599-3D3B7594252E} = {D6605B6F-74FC-44CA-AE51-E1FE0F11A729}
		{1629F240-B14D-4BAB-8EA6-F6771C096817} = {D6605B6F-74FC-44CA-AE51-E1FE0F11A729}
		{F500989B-0923-4B42-B726-BC3F81B8B41F} = {D6605B6F-74FC-44CA-AE51-E1FE0F11A729}
		{9C2EFE84-8E39-4A20-ADC2-3064BCC81497} = {D6605B6F-74FC-44CA-AE51-E1FE0F11A729}
		{9DC44BB8-C43E-4219-A8D3-9509127AD4FE} = {D6605B6F-74FC-44CA-AE51-E1FE0F11A729}
	EndGlobalSection
	GlobalSection(ExtensibilityGlobals) = postSolution
		SolutionGuid = {5A86379B-0448-47BA-83A7-81D293B3779E}
	EndGlobalSection
EndGlobal
